
Microsoft Visual Studio Solution File, Format Version 12.00
# Visual Studio Version 16
VisualStudioVersion = 16.0.30204.135
MinimumVisualStudioVersion = 10.0.40219.1
Project("{9A19103F-16F7-4668-BE54-9A1E7A4F7556}") = "GraphQLBasketService", "GraphQLBasketService.csproj", "{B8672E5D-D7C8-4D6D-A05E-0FA121D4A62D}"
EndProject
Global
	GlobalSection(SolutionConfigurationPlatforms) = preSolution
		Debug|Any CPU = Debug|Any CPU
		Release|Any CPU = Release|Any CPU
	EndGlobalSection
	GlobalSection(ProjectConfigurationPlatforms) = postSolution
		{B8672E5D-D7C8-4D6D-A05E-0FA121D4A62D}.Debug|Any CPU.ActiveCfg = Debug|Any CPU
		{B8672E5D-D7C8-4D6D-A05E-0FA121D4A62D}.Debug|Any CPU.Build.0 = Debug|Any CPU
		{B8672E5D-D7C8-4D6D-A05E-0FA121D4A62D}.Release|Any CPU.ActiveCfg = Release|Any CPU
		{B8672E5D-D7C8-4D6D-A05E-0FA121D4A62D}.Release|Any CPU.Build.0 = Release|Any CPU
	EndGlobalSection
	GlobalSection(SolutionProperties) = preSolution
		HideSolutionNode = FALSE
	EndGlobalSection
	GlobalSection(ExtensibilityGlobals) = postSolution
		SolutionGuid = {79452364-B1D3-4F00-B0EA-07CCA6C7B5FF}
	EndGlobalSection
EndGlobal
