
Microsoft Visual Studio Solution File, Format Version 12.00
# Visual Studio Version 16
VisualStudioVersion = 16.0.30204.135
MinimumVisualStudioVersion = 10.0.40219.1
Project("{9A19103F-16F7-4668-BE54-9A1E7A4F7556}") = "GraphQLProductService", "GraphQLProductService.csproj", "{402BBB94-D6BD-4D05-B151-0937D7921055}"
EndProject
Global
	GlobalSection(SolutionConfigurationPlatforms) = preSolution
		Debug|Any CPU = Debug|Any CPU
		Release|Any CPU = Release|Any CPU
	EndGlobalSection
	GlobalSection(ProjectConfigurationPlatforms) = postSolution
		{402BBB94-D6BD-4D05-B151-0937D7921055}.Debug|Any CPU.ActiveCfg = Debug|Any CPU
		{402BBB94-D6BD-4D05-B151-0937D7921055}.Debug|Any CPU.Build.0 = Debug|Any CPU
		{402BBB94-D6BD-4D05-B151-0937D7921055}.Release|Any CPU.ActiveCfg = Release|Any CPU
		{402BBB94-D6BD-4D05-B151-0937D7921055}.Release|Any CPU.Build.0 = Release|Any CPU
	EndGlobalSection
	GlobalSection(SolutionProperties) = preSolution
		HideSolutionNode = FALSE
	EndGlobalSection
	GlobalSection(ExtensibilityGlobals) = postSolution
		SolutionGuid = {38870A96-37AE-4A59-AE77-71A5F3419735}
	EndGlobalSection
EndGlobal
