
Microsoft Visual Studio Solution File, Format Version 12.00
# Visual Studio Version 16
VisualStudioVersion = 16.0.30204.135
MinimumVisualStudioVersion = 10.0.40219.1
Project("{FAE04EC0-301F-11D3-BF4B-00C04F79EFBC}") = "GraphQLInventoryService", "GraphQLInventoryService.csproj", "{FF00F2A4-14DB-43B0-9026-00B5961C2AC5}"
EndProject
Global
	GlobalSection(SolutionConfigurationPlatforms) = preSolution
		Debug|Any CPU = Debug|Any CPU
		Release|Any CPU = Release|Any CPU
	EndGlobalSection
	GlobalSection(ProjectConfigurationPlatforms) = postSolution
		{FF00F2A4-14DB-43B0-9026-00B5961C2AC5}.Debug|Any CPU.ActiveCfg = Debug|Any CPU
		{FF00F2A4-14DB-43B0-9026-00B5961C2AC5}.Debug|Any CPU.Build.0 = Debug|Any CPU
		{FF00F2A4-14DB-43B0-9026-00B5961C2AC5}.Release|Any CPU.ActiveCfg = Release|Any CPU
		{FF00F2A4-14DB-43B0-9026-00B5961C2AC5}.Release|Any CPU.Build.0 = Release|Any CPU
	EndGlobalSection
	GlobalSection(SolutionProperties) = preSolution
		HideSolutionNode = FALSE
	EndGlobalSection
	GlobalSection(ExtensibilityGlobals) = postSolution
		SolutionGuid = {8BC5A4AF-EC0F-441B-AA52-491DA3D14B9E}
	EndGlobalSection
EndGlobal
